
Microsoft Visual Studio Solution File, Format Version 12.00
# Visual Studio 15
VisualStudioVersion = 15.0.27703.2035
MinimumVisualStudioVersion = 10.0.40219.1
Project("{FAE04EC0-301F-11D3-BF4B-00C04F79EFBC}") = "Fiap06.Web.MVC.Exercicio", "Fiap06.Web.MVC.Exercicio\Fiap06.Web.MVC.Exercicio.csproj", "{BA7CC33B-9790-4480-8A95-D49A144E8FEB}"
EndProject
Global
	GlobalSection(SolutionConfigurationPlatforms) = preSolution
		Debug|Any CPU = Debug|Any CPU
		Release|Any CPU = Release|Any CPU
	EndGlobalSection
	GlobalSection(ProjectConfigurationPlatforms) = postSolution
		{BA7CC33B-9790-4480-8A95-D49A144E8FEB}.Debug|Any CPU.ActiveCfg = Debug|Any CPU
		{BA7CC33B-9790-4480-8A95-D49A144E8FEB}.Debug|Any CPU.Build.0 = Debug|Any CPU
		{BA7CC33B-9790-4480-8A95-D49A144E8FEB}.Release|Any CPU.ActiveCfg = Release|Any CPU
		{BA7CC33B-9790-4480-8A95-D49A144E8FEB}.Release|Any CPU.Build.0 = Release|Any CPU
	EndGlobalSection
	GlobalSection(SolutionProperties) = preSolution
		HideSolutionNode = FALSE
	EndGlobalSection
	GlobalSection(ExtensibilityGlobals) = postSolution
		SolutionGuid = {75A45A60-C1A7-4142-AA98-DC233246A436}
	EndGlobalSection
EndGlobal
