
Microsoft Visual Studio Solution File, Format Version 12.00
# Visual Studio 15
VisualStudioVersion = 15.0.27703.2035
MinimumVisualStudioVersion = 10.0.40219.1
Project("{FAE04EC0-301F-11D3-BF4B-00C04F79EFBC}") = "02.Fiap.Web.MVC", "02.Fiap.Web.MVC\02.Fiap.Web.MVC.csproj", "{FD42027A-58A2-42CB-9D3D-FAAAF7394310}"
EndProject
Global
	GlobalSection(SolutionConfigurationPlatforms) = preSolution
		Debug|Any CPU = Debug|Any CPU
		Release|Any CPU = Release|Any CPU
	EndGlobalSection
	GlobalSection(ProjectConfigurationPlatforms) = postSolution
		{FD42027A-58A2-42CB-9D3D-FAAAF7394310}.Debug|Any CPU.ActiveCfg = Debug|Any CPU
		{FD42027A-58A2-42CB-9D3D-FAAAF7394310}.Debug|Any CPU.Build.0 = Debug|Any CPU
		{FD42027A-58A2-42CB-9D3D-FAAAF7394310}.Release|Any CPU.ActiveCfg = Release|Any CPU
		{FD42027A-58A2-42CB-9D3D-FAAAF7394310}.Release|Any CPU.Build.0 = Release|Any CPU
	EndGlobalSection
	GlobalSection(SolutionProperties) = preSolution
		HideSolutionNode = FALSE
	EndGlobalSection
	GlobalSection(ExtensibilityGlobals) = postSolution
		SolutionGuid = {BD175584-06D2-4DF9-9233-3242EAB6FDB9}
	EndGlobalSection
EndGlobal
